// !$*UTF8*$!
{
	archiveVersion = 1;
	classes = {
	};
	objectVersion = 50;
	objects = {

/* Begin PBXBuildFile section */
		8204C19123BAFC6500E372BA /* ReusableCell.swift in Sources */ = {isa = PBXBuildFile; fileRef = 8204C19023BAFC6500E372BA /* ReusableCell.swift */; };
		8204C19323BAFD2500E372BA /* UITableViewCell+Extension.swift in Sources */ = {isa = PBXBuildFile; fileRef = 8204C19223BAFD2500E372BA /* UITableViewCell+Extension.swift */; };
		8204C19523BAFE9B00E372BA /* UITableView+Extension.swift in Sources */ = {isa = PBXBuildFile; fileRef = 8204C19423BAFE9B00E372BA /* UITableView+Extension.swift */; };
		821A2DF423B4651D00CA94AE /* AppDelegate.swift in Sources */ = {isa = PBXBuildFile; fileRef = 821A2DF323B4651D00CA94AE /* AppDelegate.swift */; };
		821A2DFD23B4652100CA94AE /* Assets.xcassets in Resources */ = {isa = PBXBuildFile; fileRef = 821A2DFC23B4652100CA94AE /* Assets.xcassets */; };
		821A2E0023B4652100CA94AE /* LaunchScreen.storyboard in Resources */ = {isa = PBXBuildFile; fileRef = 821A2DFE23B4652100CA94AE /* LaunchScreen.storyboard */; };
		822013FC23B98219008838E7 /* TabBarViewController.swift in Sources */ = {isa = PBXBuildFile; fileRef = 822013FB23B98219008838E7 /* TabBarViewController.swift */; };
		822013FE23B9CDB7008838E7 /* InvestmentViewController.swift in Sources */ = {isa = PBXBuildFile; fileRef = 822013FD23B9CDB7008838E7 /* InvestmentViewController.swift */; };
		8220140023B9CFA3008838E7 /* ContactViewController.swift in Sources */ = {isa = PBXBuildFile; fileRef = 822013FF23B9CFA3008838E7 /* ContactViewController.swift */; };
		8220140323B9DEB1008838E7 /* ButtonTableViewCell.swift in Sources */ = {isa = PBXBuildFile; fileRef = 8220140223B9DEB1008838E7 /* ButtonTableViewCell.swift */; };
		8220140623B9E0A8008838E7 /* Constants.swift in Sources */ = {isa = PBXBuildFile; fileRef = 8220140523B9E0A8008838E7 /* Constants.swift */; };
		8220140923B9E407008838E7 /* UIColor+Extension.swift in Sources */ = {isa = PBXBuildFile; fileRef = 8220140823B9E407008838E7 /* UIColor+Extension.swift */; };
		8220140B23B9F8A4008838E7 /* UIButton+Extension.swift in Sources */ = {isa = PBXBuildFile; fileRef = 8220140A23B9F8A4008838E7 /* UIButton+Extension.swift */; };
		8C20C55F7CF1EE103A845901 /* Pods_TesteiOS2.framework in Frameworks */ = {isa = PBXBuildFile; fileRef = 7C9913046C1E4CAA332CE076 /* Pods_TesteiOS2.framework */; };
/* End PBXBuildFile section */

/* Begin PBXFileReference section */
		7C9913046C1E4CAA332CE076 /* Pods_TesteiOS2.framework */ = {isa = PBXFileReference; explicitFileType = wrapper.framework; includeInIndex = 0; path = Pods_TesteiOS2.framework; sourceTree = BUILT_PRODUCTS_DIR; };
		8204C19023BAFC6500E372BA /* ReusableCell.swift */ = {isa = PBXFileReference; lastKnownFileType = sourcecode.swift; path = ReusableCell.swift; sourceTree = "<group>"; };
		8204C19223BAFD2500E372BA /* UITableViewCell+Extension.swift */ = {isa = PBXFileReference; lastKnownFileType = sourcecode.swift; path = "UITableViewCell+Extension.swift"; sourceTree = "<group>"; };
		8204C19423BAFE9B00E372BA /* UITableView+Extension.swift */ = {isa = PBXFileReference; lastKnownFileType = sourcecode.swift; path = "UITableView+Extension.swift"; sourceTree = "<group>"; };
		821A2DF023B4651D00CA94AE /* TesteiOS2.app */ = {isa = PBXFileReference; explicitFileType = wrapper.application; includeInIndex = 0; path = TesteiOS2.app; sourceTree = BUILT_PRODUCTS_DIR; };
		821A2DF323B4651D00CA94AE /* AppDelegate.swift */ = {isa = PBXFileReference; lastKnownFileType = sourcecode.swift; path = AppDelegate.swift; sourceTree = "<group>"; };
		821A2DFC23B4652100CA94AE /* Assets.xcassets */ = {isa = PBXFileReference; lastKnownFileType = folder.assetcatalog; path = Assets.xcassets; sourceTree = "<group>"; };
		821A2DFF23B4652100CA94AE /* Base */ = {isa = PBXFileReference; lastKnownFileType = file.storyboard; name = Base; path = Base.lproj/LaunchScreen.storyboard; sourceTree = "<group>"; };
		821A2E0123B4652100CA94AE /* Info.plist */ = {isa = PBXFileReference; lastKnownFileType = text.plist.xml; path = Info.plist; sourceTree = "<group>"; };
		822013FB23B98219008838E7 /* TabBarViewController.swift */ = {isa = PBXFileReference; lastKnownFileType = sourcecode.swift; path = TabBarViewController.swift; sourceTree = "<group>"; };
		822013FD23B9CDB7008838E7 /* InvestmentViewController.swift */ = {isa = PBXFileReference; lastKnownFileType = sourcecode.swift; path = InvestmentViewController.swift; sourceTree = "<group>"; };
		822013FF23B9CFA3008838E7 /* ContactViewController.swift */ = {isa = PBXFileReference; lastKnownFileType = sourcecode.swift; path = ContactViewController.swift; sourceTree = "<group>"; };
		8220140223B9DEB1008838E7 /* ButtonTableViewCell.swift */ = {isa = PBXFileReference; lastKnownFileType = sourcecode.swift; path = ButtonTableViewCell.swift; sourceTree = "<group>"; };
		8220140523B9E0A8008838E7 /* Constants.swift */ = {isa = PBXFileReference; lastKnownFileType = sourcecode.swift; path = Constants.swift; sourceTree = "<group>"; };
		8220140823B9E407008838E7 /* UIColor+Extension.swift */ = {isa = PBXFileReference; fileEncoding = 4; lastKnownFileType = sourcecode.swift; path = "UIColor+Extension.swift"; sourceTree = "<group>"; };
		8220140A23B9F8A4008838E7 /* UIButton+Extension.swift */ = {isa = PBXFileReference; lastKnownFileType = sourcecode.swift; path = "UIButton+Extension.swift"; sourceTree = "<group>"; };
		8EF32EE3C749C2277EDC5BD0 /* Pods-TesteiOS2.release.xcconfig */ = {isa = PBXFileReference; includeInIndex = 1; lastKnownFileType = text.xcconfig; name = "Pods-TesteiOS2.release.xcconfig"; path = "Target Support Files/Pods-TesteiOS2/Pods-TesteiOS2.release.xcconfig"; sourceTree = "<group>"; };
		A01D6E7AF945AF143ED5F98D /* Pods-TesteiOS2.debug.xcconfig */ = {isa = PBXFileReference; includeInIndex = 1; lastKnownFileType = text.xcconfig; name = "Pods-TesteiOS2.debug.xcconfig"; path = "Target Support Files/Pods-TesteiOS2/Pods-TesteiOS2.debug.xcconfig"; sourceTree = "<group>"; };
/* End PBXFileReference section */

/* Begin PBXFrameworksBuildPhase section */
		821A2DED23B4651D00CA94AE /* Frameworks */ = {
			isa = PBXFrameworksBuildPhase;
			buildActionMask = 2147483647;
			files = (
				8C20C55F7CF1EE103A845901 /* Pods_TesteiOS2.framework in Frameworks */,
			);
			runOnlyForDeploymentPostprocessing = 0;
		};
/* End PBXFrameworksBuildPhase section */

/* Begin PBXGroup section */
		8204C18F23BAFBB200E372BA /* Protocols */ = {
			isa = PBXGroup;
			children = (
				8204C19023BAFC6500E372BA /* ReusableCell.swift */,
			);
			path = Protocols;
			sourceTree = "<group>";
		};
		821A2DE723B4651D00CA94AE = {
			isa = PBXGroup;
			children = (
				821A2DF223B4651D00CA94AE /* TesteiOS2 */,
				821A2DF123B4651D00CA94AE /* Products */,
				FF29FC47CC090E73738D09C7 /* Pods */,
				C16222717F8F258041444777 /* Frameworks */,
			);
			sourceTree = "<group>";
		};
		821A2DF123B4651D00CA94AE /* Products */ = {
			isa = PBXGroup;
			children = (
				821A2DF023B4651D00CA94AE /* TesteiOS2.app */,
			);
			name = Products;
			sourceTree = "<group>";
		};
		821A2DF223B4651D00CA94AE /* TesteiOS2 */ = {
			isa = PBXGroup;
			children = (
				822013EC23B97EEC008838E7 /* Scenes */,
				8220140723B9E3E5008838E7 /* Extensions */,
				8204C18F23BAFBB200E372BA /* Protocols */,
				8220140423B9E08B008838E7 /* Others */,
				821A2DF323B4651D00CA94AE /* AppDelegate.swift */,
				821A2DFC23B4652100CA94AE /* Assets.xcassets */,
				821A2DFE23B4652100CA94AE /* LaunchScreen.storyboard */,
				821A2E0123B4652100CA94AE /* Info.plist */,
			);
			path = TesteiOS2;
			sourceTree = "<group>";
		};
		822013EC23B97EEC008838E7 /* Scenes */ = {
			isa = PBXGroup;
			children = (
				822013ED23B97F32008838E7 /* Investment */,
				822013EE23B97F53008838E7 /* Contact */,
				822013FB23B98219008838E7 /* TabBarViewController.swift */,
			);
			path = Scenes;
			sourceTree = "<group>";
		};
		822013ED23B97F32008838E7 /* Investment */ = {
			isa = PBXGroup;
			children = (
				822013FD23B9CDB7008838E7 /* InvestmentViewController.swift */,
			);
			path = Investment;
			sourceTree = "<group>";
		};
		822013EE23B97F53008838E7 /* Contact */ = {
			isa = PBXGroup;
			children = (
				8220140123B9DE6E008838E7 /* TableCells */,
				822013FF23B9CFA3008838E7 /* ContactViewController.swift */,
			);
			path = Contact;
			sourceTree = "<group>";
		};
		8220140123B9DE6E008838E7 /* TableCells */ = {
			isa = PBXGroup;
			children = (
				8220140223B9DEB1008838E7 /* ButtonTableViewCell.swift */,
			);
			path = TableCells;
			sourceTree = "<group>";
		};
		8220140423B9E08B008838E7 /* Others */ = {
			isa = PBXGroup;
			children = (
				8220140523B9E0A8008838E7 /* Constants.swift */,
			);
			path = Others;
			sourceTree = "<group>";
		};
		8220140723B9E3E5008838E7 /* Extensions */ = {
			isa = PBXGroup;
			children = (
				8220140823B9E407008838E7 /* UIColor+Extension.swift */,
				8220140A23B9F8A4008838E7 /* UIButton+Extension.swift */,
				8204C19223BAFD2500E372BA /* UITableViewCell+Extension.swift */,
				8204C19423BAFE9B00E372BA /* UITableView+Extension.swift */,
			);
			path = Extensions;
			sourceTree = "<group>";
		};
		C16222717F8F258041444777 /* Frameworks */ = {
			isa = PBXGroup;
			children = (
				7C9913046C1E4CAA332CE076 /* Pods_TesteiOS2.framework */,
			);
			name = Frameworks;
			sourceTree = "<group>";
		};
		FF29FC47CC090E73738D09C7 /* Pods */ = {
			isa = PBXGroup;
			children = (
				A01D6E7AF945AF143ED5F98D /* Pods-TesteiOS2.debug.xcconfig */,
				8EF32EE3C749C2277EDC5BD0 /* Pods-TesteiOS2.release.xcconfig */,
			);
			path = Pods;
			sourceTree = "<group>";
		};
/* End PBXGroup section */

/* Begin PBXNativeTarget section */
		821A2DEF23B4651D00CA94AE /* TesteiOS2 */ = {
			isa = PBXNativeTarget;
			buildConfigurationList = 821A2E0423B4652100CA94AE /* Build configuration list for PBXNativeTarget "TesteiOS2" */;
			buildPhases = (
				11175D2F6695666C13B36F62 /* [CP] Check Pods Manifest.lock */,
				821A2DEC23B4651D00CA94AE /* Sources */,
				821A2DED23B4651D00CA94AE /* Frameworks */,
				821A2DEE23B4651D00CA94AE /* Resources */,
				829CE67A23B5B4AE007235FD /* ShellScript */,
			);
			buildRules = (
			);
			dependencies = (
			);
			name = TesteiOS2;
			productName = TesteiOS2;
			productReference = 821A2DF023B4651D00CA94AE /* TesteiOS2.app */;
			productType = "com.apple.product-type.application";
		};
/* End PBXNativeTarget section */

/* Begin PBXProject section */
		821A2DE823B4651D00CA94AE /* Project object */ = {
			isa = PBXProject;
			attributes = {
				LastSwiftUpdateCheck = 1130;
				LastUpgradeCheck = 1130;
				ORGANIZATIONNAME = "José Rafael Ferraz Pacheco";
				TargetAttributes = {
					821A2DEF23B4651D00CA94AE = {
						CreatedOnToolsVersion = 11.3;
					};
				};
			};
			buildConfigurationList = 821A2DEB23B4651D00CA94AE /* Build configuration list for PBXProject "TesteiOS2" */;
			compatibilityVersion = "Xcode 9.3";
			developmentRegion = en;
			hasScannedForEncodings = 0;
			knownRegions = (
				en,
				Base,
			);
			mainGroup = 821A2DE723B4651D00CA94AE;
			productRefGroup = 821A2DF123B4651D00CA94AE /* Products */;
			projectDirPath = "";
			projectRoot = "";
			targets = (
				821A2DEF23B4651D00CA94AE /* TesteiOS2 */,
			);
		};
/* End PBXProject section */

/* Begin PBXResourcesBuildPhase section */
		821A2DEE23B4651D00CA94AE /* Resources */ = {
			isa = PBXResourcesBuildPhase;
			buildActionMask = 2147483647;
			files = (
				821A2E0023B4652100CA94AE /* LaunchScreen.storyboard in Resources */,
				821A2DFD23B4652100CA94AE /* Assets.xcassets in Resources */,
			);
			runOnlyForDeploymentPostprocessing = 0;
		};
/* End PBXResourcesBuildPhase section */

/* Begin PBXShellScriptBuildPhase section */
		11175D2F6695666C13B36F62 /* [CP] Check Pods Manifest.lock */ = {
			isa = PBXShellScriptBuildPhase;
			buildActionMask = 2147483647;
			files = (
			);
			inputFileListPaths = (
			);
			inputPaths = (
				"${PODS_PODFILE_DIR_PATH}/Podfile.lock",
				"${PODS_ROOT}/Manifest.lock",
			);
			name = "[CP] Check Pods Manifest.lock";
			outputFileListPaths = (
			);
			outputPaths = (
				"$(DERIVED_FILE_DIR)/Pods-TesteiOS2-checkManifestLockResult.txt",
			);
			runOnlyForDeploymentPostprocessing = 0;
			shellPath = /bin/sh;
			shellScript = "diff \"${PODS_PODFILE_DIR_PATH}/Podfile.lock\" \"${PODS_ROOT}/Manifest.lock\" > /dev/null\nif [ $? != 0 ] ; then\n    # print error to STDERR\n    echo \"error: The sandbox is not in sync with the Podfile.lock. Run 'pod install' or update your CocoaPods installation.\" >&2\n    exit 1\nfi\n# This output is used by Xcode 'outputs' to avoid re-running this script phase.\necho \"SUCCESS\" > \"${SCRIPT_OUTPUT_FILE_0}\"\n";
			showEnvVarsInLog = 0;
		};
		829CE67A23B5B4AE007235FD /* ShellScript */ = {
			isa = PBXShellScriptBuildPhase;
			buildActionMask = 2147483647;
			files = (
			);
			inputFileListPaths = (
			);
			inputPaths = (
			);
			outputFileListPaths = (
			);
			outputPaths = (
			);
			runOnlyForDeploymentPostprocessing = 0;
			shellPath = /bin/sh;
			shellScript = "\"${PODS_ROOT}/SwiftLint/swiftlint\"\n";
		};
/* End PBXShellScriptBuildPhase section */

/* Begin PBXSourcesBuildPhase section */
		821A2DEC23B4651D00CA94AE /* Sources */ = {
			isa = PBXSourcesBuildPhase;
			buildActionMask = 2147483647;
			files = (
				8204C19523BAFE9B00E372BA /* UITableView+Extension.swift in Sources */,
				8220140923B9E407008838E7 /* UIColor+Extension.swift in Sources */,
				8204C19323BAFD2500E372BA /* UITableViewCell+Extension.swift in Sources */,
				822013FE23B9CDB7008838E7 /* InvestmentViewController.swift in Sources */,
				822013FC23B98219008838E7 /* TabBarViewController.swift in Sources */,
				8220140323B9DEB1008838E7 /* ButtonTableViewCell.swift in Sources */,
				821A2DF423B4651D00CA94AE /* AppDelegate.swift in Sources */,
				8220140B23B9F8A4008838E7 /* UIButton+Extension.swift in Sources */,
				8220140023B9CFA3008838E7 /* ContactViewController.swift in Sources */,
				8220140623B9E0A8008838E7 /* Constants.swift in Sources */,
				8204C19123BAFC6500E372BA /* ReusableCell.swift in Sources */,
			);
			runOnlyForDeploymentPostprocessing = 0;
		};
/* End PBXSourcesBuildPhase section */

/* Begin PBXVariantGroup section */
		821A2DFE23B4652100CA94AE /* LaunchScreen.storyboard */ = {
			isa = PBXVariantGroup;
			children = (
				821A2DFF23B4652100CA94AE /* Base */,
			);
			name = LaunchScreen.storyboard;
			sourceTree = "<group>";
		};
/* End PBXVariantGroup section */

/* Begin XCBuildConfiguration section */
		821A2E0223B4652100CA94AE /* Debug */ = {
			isa = XCBuildConfiguration;
			buildSettings = {
				ALWAYS_SEARCH_USER_PATHS = NO;
				CLANG_ANALYZER_NONNULL = YES;
				CLANG_ANALYZER_NUMBER_OBJECT_CONVERSION = YES_AGGRESSIVE;
				CLANG_CXX_LANGUAGE_STANDARD = "gnu++14";
				CLANG_CXX_LIBRARY = "libc++";
				CLANG_ENABLE_MODULES = YES;
				CLANG_ENABLE_OBJC_ARC = YES;
				CLANG_ENABLE_OBJC_WEAK = YES;
				CLANG_WARN_BLOCK_CAPTURE_AUTORELEASING = YES;
				CLANG_WARN_BOOL_CONVERSION = YES;
				CLANG_WARN_COMMA = YES;
				CLANG_WARN_CONSTANT_CONVERSION = YES;
				CLANG_WARN_DEPRECATED_OBJC_IMPLEMENTATIONS = YES;
				CLANG_WARN_DIRECT_OBJC_ISA_USAGE = YES_ERROR;
				CLANG_WARN_DOCUMENTATION_COMMENTS = YES;
				CLANG_WARN_EMPTY_BODY = YES;
				CLANG_WARN_ENUM_CONVERSION = YES;
				CLANG_WARN_INFINITE_RECURSION = YES;
				CLANG_WARN_INT_CONVERSION = YES;
				CLANG_WARN_NON_LITERAL_NULL_CONVERSION = YES;
				CLANG_WARN_OBJC_IMPLICIT_RETAIN_SELF = YES;
				CLANG_WARN_OBJC_LITERAL_CONVERSION = YES;
				CLANG_WARN_OBJC_ROOT_CLASS = YES_ERROR;
				CLANG_WARN_RANGE_LOOP_ANALYSIS = YES;
				CLANG_WARN_STRICT_PROTOTYPES = YES;
				CLANG_WARN_SUSPICIOUS_MOVE = YES;
				CLANG_WARN_UNGUARDED_AVAILABILITY = YES_AGGRESSIVE;
				CLANG_WARN_UNREACHABLE_CODE = YES;
				CLANG_WARN__DUPLICATE_METHOD_MATCH = YES;
				COPY_PHASE_STRIP = NO;
				DEBUG_INFORMATION_FORMAT = dwarf;
				ENABLE_STRICT_OBJC_MSGSEND = YES;
				ENABLE_TESTABILITY = YES;
				GCC_C_LANGUAGE_STANDARD = gnu11;
				GCC_DYNAMIC_NO_PIC = NO;
				GCC_NO_COMMON_BLOCKS = YES;
				GCC_OPTIMIZATION_LEVEL = 0;
				GCC_PREPROCESSOR_DEFINITIONS = (
					"DEBUG=1",
					"$(inherited)",
				);
				GCC_WARN_64_TO_32_BIT_CONVERSION = YES;
				GCC_WARN_ABOUT_RETURN_TYPE = YES_ERROR;
				GCC_WARN_UNDECLARED_SELECTOR = YES;
				GCC_WARN_UNINITIALIZED_AUTOS = YES_AGGRESSIVE;
				GCC_WARN_UNUSED_FUNCTION = YES;
				GCC_WARN_UNUSED_VARIABLE = YES;
				IPHONEOS_DEPLOYMENT_TARGET = 13.2;
				MTL_ENABLE_DEBUG_INFO = INCLUDE_SOURCE;
				MTL_FAST_MATH = YES;
				ONLY_ACTIVE_ARCH = YES;
				SDKROOT = iphoneos;
				SWIFT_ACTIVE_COMPILATION_CONDITIONS = DEBUG;
				SWIFT_OPTIMIZATION_LEVEL = "-Onone";
			};
			name = Debug;
		};
		821A2E0323B4652100CA94AE /* Release */ = {
			isa = XCBuildConfiguration;
			buildSettings = {
				ALWAYS_SEARCH_USER_PATHS = NO;
				CLANG_ANALYZER_NONNULL = YES;
				CLANG_ANALYZER_NUMBER_OBJECT_CONVERSION = YES_AGGRESSIVE;
				CLANG_CXX_LANGUAGE_STANDARD = "gnu++14";
				CLANG_CXX_LIBRARY = "libc++";
				CLANG_ENABLE_MODULES = YES;
				CLANG_ENABLE_OBJC_ARC = YES;
				CLANG_ENABLE_OBJC_WEAK = YES;
				CLANG_WARN_BLOCK_CAPTURE_AUTORELEASING = YES;
				CLANG_WARN_BOOL_CONVERSION = YES;
				CLANG_WARN_COMMA = YES;
				CLANG_WARN_CONSTANT_CONVERSION = YES;
				CLANG_WARN_DEPRECATED_OBJC_IMPLEMENTATIONS = YES;
				CLANG_WARN_DIRECT_OBJC_ISA_USAGE = YES_ERROR;
				CLANG_WARN_DOCUMENTATION_COMMENTS = YES;
				CLANG_WARN_EMPTY_BODY = YES;
				CLANG_WARN_ENUM_CONVERSION = YES;
				CLANG_WARN_INFINITE_RECURSION = YES;
				CLANG_WARN_INT_CONVERSION = YES;
				CLANG_WARN_NON_LITERAL_NULL_CONVERSION = YES;
				CLANG_WARN_OBJC_IMPLICIT_RETAIN_SELF = YES;
				CLANG_WARN_OBJC_LITERAL_CONVERSION = YES;
				CLANG_WARN_OBJC_ROOT_CLASS = YES_ERROR;
				CLANG_WARN_RANGE_LOOP_ANALYSIS = YES;
				CLANG_WARN_STRICT_PROTOTYPES = YES;
				CLANG_WARN_SUSPICIOUS_MOVE = YES;
				CLANG_WARN_UNGUARDED_AVAILABILITY = YES_AGGRESSIVE;
				CLANG_WARN_UNREACHABLE_CODE = YES;
				CLANG_WARN__DUPLICATE_METHOD_MATCH = YES;
				COPY_PHASE_STRIP = NO;
				DEBUG_INFORMATION_FORMAT = "dwarf-with-dsym";
				ENABLE_NS_ASSERTIONS = NO;
				ENABLE_STRICT_OBJC_MSGSEND = YES;
				GCC_C_LANGUAGE_STANDARD = gnu11;
				GCC_NO_COMMON_BLOCKS = YES;
				GCC_WARN_64_TO_32_BIT_CONVERSION = YES;
				GCC_WARN_ABOUT_RETURN_TYPE = YES_ERROR;
				GCC_WARN_UNDECLARED_SELECTOR = YES;
				GCC_WARN_UNINITIALIZED_AUTOS = YES_AGGRESSIVE;
				GCC_WARN_UNUSED_FUNCTION = YES;
				GCC_WARN_UNUSED_VARIABLE = YES;
				IPHONEOS_DEPLOYMENT_TARGET = 13.2;
				MTL_ENABLE_DEBUG_INFO = NO;
				MTL_FAST_MATH = YES;
				SDKROOT = iphoneos;
				SWIFT_COMPILATION_MODE = wholemodule;
				SWIFT_OPTIMIZATION_LEVEL = "-O";
				VALIDATE_PRODUCT = YES;
			};
			name = Release;
		};
		821A2E0523B4652100CA94AE /* Debug */ = {
			isa = XCBuildConfiguration;
			baseConfigurationReference = A01D6E7AF945AF143ED5F98D /* Pods-TesteiOS2.debug.xcconfig */;
			buildSettings = {
				ASSETCATALOG_COMPILER_APPICON_NAME = AppIcon;
				CODE_SIGN_STYLE = Automatic;
				DEVELOPMENT_TEAM = 5N8L9587G7;
				INFOPLIST_FILE = TesteiOS2/Info.plist;
				IPHONEOS_DEPLOYMENT_TARGET = 9.0;
				LD_RUNPATH_SEARCH_PATHS = (
					"$(inherited)",
					"@executable_path/Frameworks",
				);
				PRODUCT_BUNDLE_IDENTIFIER = josecarvalho.TesteiOS2;
				PRODUCT_NAME = "$(TARGET_NAME)";
				SWIFT_VERSION = 5.0;
				TARGETED_DEVICE_FAMILY = "1,2";
			};
			name = Debug;
		};
		821A2E0623B4652100CA94AE /* Release */ = {
			isa = XCBuildConfiguration;
			baseConfigurationReference = 8EF32EE3C749C2277EDC5BD0 /* Pods-TesteiOS2.release.xcconfig */;
			buildSettings = {
				ASSETCATALOG_COMPILER_APPICON_NAME = AppIcon;
				CODE_SIGN_STYLE = Automatic;
				DEVELOPMENT_TEAM = 5N8L9587G7;
				INFOPLIST_FILE = TesteiOS2/Info.plist;
				IPHONEOS_DEPLOYMENT_TARGET = 9.0;
				LD_RUNPATH_SEARCH_PATHS = (
					"$(inherited)",
					"@executable_path/Frameworks",
				);
				PRODUCT_BUNDLE_IDENTIFIER = josecarvalho.TesteiOS2;
				PRODUCT_NAME = "$(TARGET_NAME)";
				SWIFT_VERSION = 5.0;
				TARGETED_DEVICE_FAMILY = "1,2";
			};
			name = Release;
		};
/* End XCBuildConfiguration section */

/* Begin XCConfigurationList section */
		821A2DEB23B4651D00CA94AE /* Build configuration list for PBXProject "TesteiOS2" */ = {
			isa = XCConfigurationList;
			buildConfigurations = (
				821A2E0223B4652100CA94AE /* Debug */,
				821A2E0323B4652100CA94AE /* Release */,
			);
			defaultConfigurationIsVisible = 0;
			defaultConfigurationName = Release;
		};
		821A2E0423B4652100CA94AE /* Build configuration list for PBXNativeTarget "TesteiOS2" */ = {
			isa = XCConfigurationList;
			buildConfigurations = (
				821A2E0523B4652100CA94AE /* Debug */,
				821A2E0623B4652100CA94AE /* Release */,
			);
			defaultConfigurationIsVisible = 0;
			defaultConfigurationName = Release;
		};
/* End XCConfigurationList section */
	};
	rootObject = 821A2DE823B4651D00CA94AE /* Project object */;
}
