PODS:
  - Alamofire (4.9.1)
  - SwiftLint (0.38.0)

DEPENDENCIES:
  - Alamofire (~> 4.9.1)
  - SwiftLint

SPEC REPOS:
  trunk:
    - Alamofire
    - SwiftLint

SPEC CHECKSUMS:
  Alamofire: 85e8a02c69d6020a0d734f6054870d7ecb75cf18
  SwiftLint: 4105f061f9812b214568b736dab580ab2c73a582

PODFILE CHECKSUM: 7950d4ca1fb18577937ad638ad63ef5b253b325f

COCOAPODS: 1.8.3
